{
  "version": "3",
  "packages": {
    "specifiers": {
      "npm:eventemitter3@5.0.1": "npm:eventemitter3@5.0.1"
    },
    "npm": {
      "eventemitter3@5.0.1": {
        "integrity": "sha512-GWkBvjiSZK87ELrYOSESUYeVIc9mvLLf/nXalMOS5dYrgZq9o5OVkbZAVM06CVxYsCwH9BDZFPlQTlPA1j4ahA==",
        "dependencies": {}
      }
    }
  },
  "remote": {},
  "workspace": {
    "dependencies": [
      "npm:eventemitter3@5.0.1"
    ]
  }
}
